
Microsoft Visual Studio Solution File, Format Version 12.00
# Visual Studio Version 17
VisualStudioVersion = 17.6.33723.286
MinimumVisualStudioVersion = 10.0.40219.1
Project("{9A19103F-16F7-4668-BE54-9A1E7A4F7556}") = "Metallurgist", "Metallurgist\Metallurgist.csproj", "{8C8DBED0-C2E5-4E8B-971D-4A850566761C}"
EndProject
Project("{FAE04EC0-301F-11D3-BF4B-00C04F79EFBC}") = "Metallurgist.Tests", "Metallurgist.Tests\Metallurgist.Tests.csproj", "{FD7DE0B1-8202-4C6D-BFC6-731107F36A8C}"
EndProject
Project("{2150E333-8FDC-42A3-9474-1A3956D46DE8}") = "Solution Items", "Solution Items", "{5607F461-37A6-490F-86BC-A8AB29233969}"
	ProjectSection(SolutionItems) = preProject
		License.txt = License.txt
	EndProjectSection
EndProject
Global
	GlobalSection(SolutionConfigurationPlatforms) = preSolution
		Debug|Any CPU = Debug|Any CPU
		Release|Any CPU = Release|Any CPU
	EndGlobalSection
	GlobalSection(ProjectConfigurationPlatforms) = postSolution
		{8C8DBED0-C2E5-4E8B-971D-4A850566761C}.Debug|Any CPU.ActiveCfg = Debug|Any CPU
		{8C8DBED0-C2E5-4E8B-971D-4A850566761C}.Debug|Any CPU.Build.0 = Debug|Any CPU
		{8C8DBED0-C2E5-4E8B-971D-4A850566761C}.Release|Any CPU.ActiveCfg = Release|Any CPU
		{8C8DBED0-C2E5-4E8B-971D-4A850566761C}.Release|Any CPU.Build.0 = Release|Any CPU
		{FD7DE0B1-8202-4C6D-BFC6-731107F36A8C}.Debug|Any CPU.ActiveCfg = Debug|Any CPU
		{FD7DE0B1-8202-4C6D-BFC6-731107F36A8C}.Debug|Any CPU.Build.0 = Debug|Any CPU
		{FD7DE0B1-8202-4C6D-BFC6-731107F36A8C}.Release|Any CPU.ActiveCfg = Release|Any CPU
		{FD7DE0B1-8202-4C6D-BFC6-731107F36A8C}.Release|Any CPU.Build.0 = Release|Any CPU
	EndGlobalSection
	GlobalSection(SolutionProperties) = preSolution
		HideSolutionNode = FALSE
	EndGlobalSection
	GlobalSection(ExtensibilityGlobals) = postSolution
		SolutionGuid = {83F69EE3-F810-4C01-ACE2-0EF66B7923D8}
	EndGlobalSection
EndGlobal
